
Microsoft Visual Studio Solution File, Format Version 12.00
# Visual Studio Version 17
VisualStudioVersion = 17.6.33829.357
MinimumVisualStudioVersion = 10.0.40219.1
Project("{FAE04EC0-301F-11D3-BF4B-00C04F79EFBC}") = "Pokemons", "Pokemons\Pokemons.csproj", "{2C91A140-E60B-4F4B-A645-2F4445A54942}"
EndProject
Project("{FAE04EC0-301F-11D3-BF4B-00C04F79EFBC}") = "Negocio", "Negocio\Negocio.csproj", "{793E134E-2F13-4C76-86E0-183624E1A6FF}"
EndProject
Project("{FAE04EC0-301F-11D3-BF4B-00C04F79EFBC}") = "Dominio", "Dominio\Dominio.csproj", "{1696D36F-1EF4-49BE-B9F5-04966E2ED4B0}"
EndProject
Project("{FAE04EC0-301F-11D3-BF4B-00C04F79EFBC}") = "Security", "Security\Security.csproj", "{C416202F-CA08-456D-9A17-85C8DAC28788}"
EndProject
Global
	GlobalSection(SolutionConfigurationPlatforms) = preSolution
		Debug|Any CPU = Debug|Any CPU
		Release|Any CPU = Release|Any CPU
	EndGlobalSection
	GlobalSection(ProjectConfigurationPlatforms) = postSolution
		{2C91A140-E60B-4F4B-A645-2F4445A54942}.Debug|Any CPU.ActiveCfg = Debug|Any CPU
		{2C91A140-E60B-4F4B-A645-2F4445A54942}.Debug|Any CPU.Build.0 = Debug|Any CPU
		{2C91A140-E60B-4F4B-A645-2F4445A54942}.Release|Any CPU.ActiveCfg = Release|Any CPU
		{2C91A140-E60B-4F4B-A645-2F4445A54942}.Release|Any CPU.Build.0 = Release|Any CPU
		{793E134E-2F13-4C76-86E0-183624E1A6FF}.Debug|Any CPU.ActiveCfg = Debug|Any CPU
		{793E134E-2F13-4C76-86E0-183624E1A6FF}.Debug|Any CPU.Build.0 = Debug|Any CPU
		{793E134E-2F13-4C76-86E0-183624E1A6FF}.Release|Any CPU.ActiveCfg = Release|Any CPU
		{793E134E-2F13-4C76-86E0-183624E1A6FF}.Release|Any CPU.Build.0 = Release|Any CPU
		{1696D36F-1EF4-49BE-B9F5-04966E2ED4B0}.Debug|Any CPU.ActiveCfg = Debug|Any CPU
		{1696D36F-1EF4-49BE-B9F5-04966E2ED4B0}.Debug|Any CPU.Build.0 = Debug|Any CPU
		{1696D36F-1EF4-49BE-B9F5-04966E2ED4B0}.Release|Any CPU.ActiveCfg = Release|Any CPU
		{1696D36F-1EF4-49BE-B9F5-04966E2ED4B0}.Release|Any CPU.Build.0 = Release|Any CPU
		{C416202F-CA08-456D-9A17-85C8DAC28788}.Debug|Any CPU.ActiveCfg = Debug|Any CPU
		{C416202F-CA08-456D-9A17-85C8DAC28788}.Debug|Any CPU.Build.0 = Debug|Any CPU
		{C416202F-CA08-456D-9A17-85C8DAC28788}.Release|Any CPU.ActiveCfg = Release|Any CPU
		{C416202F-CA08-456D-9A17-85C8DAC28788}.Release|Any CPU.Build.0 = Release|Any CPU
	EndGlobalSection
	GlobalSection(SolutionProperties) = preSolution
		HideSolutionNode = FALSE
	EndGlobalSection
	GlobalSection(ExtensibilityGlobals) = postSolution
		SolutionGuid = {4445E546-BFED-401B-AD43-50752D0712BB}
	EndGlobalSection
EndGlobal
